{
  "name": "MyPortfolioV2",
  "lockfileVersion": 3,
  "requires": true,
  "packages": {
    "": {
      "dependencies": {
        "@emailjs/browser": "^4.3.3",
        "swiper": "^11.1.0"
      }
    },
    "node_modules/@emailjs/browser": {
      "version": "4.3.3",
      "resolved": "https://registry.npmjs.org/@emailjs/browser/-/browser-4.3.3.tgz",
      "integrity": "sha512-ltpt2S/WVREIBXptxYAVYBvXb2O6yTUYiRUWF8OLikMxlmiGsIgKpgHppikNd4Df0uAav7jCsQKcOJ3TJFUx5g==",
      "engines": {
        "node": ">=14.0.0"
      }
    },
    "node_modules/swiper": {
      "version": "11.1.0",
      "resolved": "https://registry.npmjs.org/swiper/-/swiper-11.1.0.tgz",
      "integrity": "sha512-Pm78CgU7Wvg+w/MgIL/1NwMSLgx0XqFof25EnVyX8iZFCYJv5CppH7LHkBj43qW2k5Cp3Iz7FcdBxrox7XX2AQ==",
      "funding": [
        {
          "type": "patreon",
          "url": "https://www.patreon.com/swiperjs"
        },
        {
          "type": "open_collective",
          "url": "http://opencollective.com/swiper"
        }
      ],
      "engines": {
        "node": ">= 4.7.0"
      }
    }
  }
}
